
Microsoft Visual Studio Solution File, Format Version 12.00
# Visual Studio 15
Project("{2150E333-8FDC-42A3-9474-1A3956D46DE8}") = "Project", "Project", "{1CF19372-7270-47A8-A69D-37A2DC358FBC}"
EndProject
Project("{2150E333-8FDC-42A3-9474-1A3956D46DE8}") = "Foundation", "Foundation", "{CD60AF48-9F10-4A29-8C45-64A4689F6DBA}"
EndProject
Project("{2150E333-8FDC-42A3-9474-1A3956D46DE8}") = "Feature", "Feature", "{2FFB9B83-63BD-4943-A11A-266A797040DA}"
EndProject
Project("{2150E333-8FDC-42A3-9474-1A3956D46DE8}") = "ClientService", "ClientService", "{D8879924-AD6D-4FDB-A52F-2AEEB60056DB}"
EndProject
Project("{2150E333-8FDC-42A3-9474-1A3956D46DE8}") = "code", "code", "{A8220434-1A8F-4323-88A8-C7BB6671BE93}"
EndProject
Project("{2150E333-8FDC-42A3-9474-1A3956D46DE8}") = "Configuration", "Configuration", "{AE4A9360-DC49-4195-AAE0-A40F6ED9E9B7}"
EndProject
Project("{2150E333-8FDC-42A3-9474-1A3956D46DE8}") = "code", "code", "{FE2114C9-A7F6-4C7E-A90E-0B0C9E7B9456}"
EndProject
Project("{2150E333-8FDC-42A3-9474-1A3956D46DE8}") = "Utilities", "Utilities", "{8F225EFB-4B1E-4CF4-93FE-5F24E895D16D}"
EndProject
Project("{2150E333-8FDC-42A3-9474-1A3956D46DE8}") = "code", "code", "{67581B91-5F69-423D-A6D2-7D2A6E5F68A6}"
EndProject
Project("{2150E333-8FDC-42A3-9474-1A3956D46DE8}") = "SearchService", "SearchService", "{DD11D715-0B05-454F-9578-0A525A72C1E9}"
EndProject
Project("{2150E333-8FDC-42A3-9474-1A3956D46DE8}") = "code", "code", "{A64FD96F-E019-4E0A-9846-E15C4389AF38}"
EndProject
Project("{2150E333-8FDC-42A3-9474-1A3956D46DE8}") = "test", "test", "{76684357-012F-4BB1-923B-203E779BD67F}"
EndProject
Project("{2150E333-8FDC-42A3-9474-1A3956D46DE8}") = "test", "test", "{751CAE05-DE7F-41B4-BBB5-E73331F94FF1}"
EndProject
Project("{FAE04EC0-301F-11D3-BF4B-00C04F79EFBC}") = "SearchFight", "Project\SearchFight\code\SearchFight.csproj", "{1D5A9C67-34C0-4798-8E12-9F389BF746BE}"
EndProject
Project("{FAE04EC0-301F-11D3-BF4B-00C04F79EFBC}") = "SearchFight.Foundation.Utilities", "Foundation\Utilities\code\SearchFight.Foundation.Utilities.csproj", "{CC6E1646-621C-4354-B589-D2309385967A}"
EndProject
Project("{FAE04EC0-301F-11D3-BF4B-00C04F79EFBC}") = "SearchFight.Foundation.Configuration", "Foundation\Configuration\code\SearchFight.Foundation.Configuration.csproj", "{A3C9540F-B848-4DFD-A4D6-81BF5147C275}"
EndProject
Project("{FAE04EC0-301F-11D3-BF4B-00C04F79EFBC}") = "SearchFight.Foundation.ClientService", "Foundation\ClientService\code\SearchFight.Foundation.ClientService.csproj", "{FCAA4629-A643-4A23-8FD3-F68CEE9F3096}"
EndProject
Project("{FAE04EC0-301F-11D3-BF4B-00C04F79EFBC}") = "SearchFight.Feature.SearchService.Tests", "Feature\SearchService\test\SearchFight.Feature.SearchService.Tests.csproj", "{1CC2CE72-E5CE-4DA3-B8A0-A9CF66684EC6}"
EndProject
Project("{FAE04EC0-301F-11D3-BF4B-00C04F79EFBC}") = "SearchFight.Feature.SearchService", "Feature\SearchService\code\SearchFight.Feature.SearchService.csproj", "{8F34A62E-F068-45A9-A600-70263E6FB11C}"
EndProject
Global
	GlobalSection(SolutionConfigurationPlatforms) = preSolution
		Debug|Any CPU = Debug|Any CPU
		Release|Any CPU = Release|Any CPU
	EndGlobalSection
	GlobalSection(ProjectConfigurationPlatforms) = postSolution
		{1D5A9C67-34C0-4798-8E12-9F389BF746BE}.Debug|Any CPU.ActiveCfg = Debug|Any CPU
		{1D5A9C67-34C0-4798-8E12-9F389BF746BE}.Debug|Any CPU.Build.0 = Debug|Any CPU
		{1D5A9C67-34C0-4798-8E12-9F389BF746BE}.Release|Any CPU.ActiveCfg = Release|Any CPU
		{1D5A9C67-34C0-4798-8E12-9F389BF746BE}.Release|Any CPU.Build.0 = Release|Any CPU
		{CC6E1646-621C-4354-B589-D2309385967A}.Debug|Any CPU.ActiveCfg = Debug|Any CPU
		{CC6E1646-621C-4354-B589-D2309385967A}.Debug|Any CPU.Build.0 = Debug|Any CPU
		{CC6E1646-621C-4354-B589-D2309385967A}.Release|Any CPU.ActiveCfg = Release|Any CPU
		{CC6E1646-621C-4354-B589-D2309385967A}.Release|Any CPU.Build.0 = Release|Any CPU
		{A3C9540F-B848-4DFD-A4D6-81BF5147C275}.Debug|Any CPU.ActiveCfg = Debug|Any CPU
		{A3C9540F-B848-4DFD-A4D6-81BF5147C275}.Debug|Any CPU.Build.0 = Debug|Any CPU
		{A3C9540F-B848-4DFD-A4D6-81BF5147C275}.Release|Any CPU.ActiveCfg = Release|Any CPU
		{A3C9540F-B848-4DFD-A4D6-81BF5147C275}.Release|Any CPU.Build.0 = Release|Any CPU
		{FCAA4629-A643-4A23-8FD3-F68CEE9F3096}.Debug|Any CPU.ActiveCfg = Debug|Any CPU
		{FCAA4629-A643-4A23-8FD3-F68CEE9F3096}.Debug|Any CPU.Build.0 = Debug|Any CPU
		{FCAA4629-A643-4A23-8FD3-F68CEE9F3096}.Release|Any CPU.ActiveCfg = Release|Any CPU
		{FCAA4629-A643-4A23-8FD3-F68CEE9F3096}.Release|Any CPU.Build.0 = Release|Any CPU
		{1CC2CE72-E5CE-4DA3-B8A0-A9CF66684EC6}.Debug|Any CPU.ActiveCfg = Debug|Any CPU
		{1CC2CE72-E5CE-4DA3-B8A0-A9CF66684EC6}.Debug|Any CPU.Build.0 = Debug|Any CPU
		{1CC2CE72-E5CE-4DA3-B8A0-A9CF66684EC6}.Release|Any CPU.ActiveCfg = Release|Any CPU
		{1CC2CE72-E5CE-4DA3-B8A0-A9CF66684EC6}.Release|Any CPU.Build.0 = Release|Any CPU
		{8F34A62E-F068-45A9-A600-70263E6FB11C}.Debug|Any CPU.ActiveCfg = Debug|Any CPU
		{8F34A62E-F068-45A9-A600-70263E6FB11C}.Debug|Any CPU.Build.0 = Debug|Any CPU
		{8F34A62E-F068-45A9-A600-70263E6FB11C}.Release|Any CPU.ActiveCfg = Release|Any CPU
		{8F34A62E-F068-45A9-A600-70263E6FB11C}.Release|Any CPU.Build.0 = Release|Any CPU
	EndGlobalSection
	GlobalSection(NestedProjects) = preSolution
		{D8879924-AD6D-4FDB-A52F-2AEEB60056DB} = {CD60AF48-9F10-4A29-8C45-64A4689F6DBA}
		{A8220434-1A8F-4323-88A8-C7BB6671BE93} = {D8879924-AD6D-4FDB-A52F-2AEEB60056DB}
		{AE4A9360-DC49-4195-AAE0-A40F6ED9E9B7} = {CD60AF48-9F10-4A29-8C45-64A4689F6DBA}
		{FE2114C9-A7F6-4C7E-A90E-0B0C9E7B9456} = {AE4A9360-DC49-4195-AAE0-A40F6ED9E9B7}
		{8F225EFB-4B1E-4CF4-93FE-5F24E895D16D} = {CD60AF48-9F10-4A29-8C45-64A4689F6DBA}
		{67581B91-5F69-423D-A6D2-7D2A6E5F68A6} = {8F225EFB-4B1E-4CF4-93FE-5F24E895D16D}
		{DD11D715-0B05-454F-9578-0A525A72C1E9} = {2FFB9B83-63BD-4943-A11A-266A797040DA}
		{A64FD96F-E019-4E0A-9846-E15C4389AF38} = {DD11D715-0B05-454F-9578-0A525A72C1E9}
		{76684357-012F-4BB1-923B-203E779BD67F} = {DD11D715-0B05-454F-9578-0A525A72C1E9}
		{751CAE05-DE7F-41B4-BBB5-E73331F94FF1} = {D8879924-AD6D-4FDB-A52F-2AEEB60056DB}
		{1D5A9C67-34C0-4798-8E12-9F389BF746BE} = {1CF19372-7270-47A8-A69D-37A2DC358FBC}
		{CC6E1646-621C-4354-B589-D2309385967A} = {67581B91-5F69-423D-A6D2-7D2A6E5F68A6}
		{A3C9540F-B848-4DFD-A4D6-81BF5147C275} = {FE2114C9-A7F6-4C7E-A90E-0B0C9E7B9456}
		{FCAA4629-A643-4A23-8FD3-F68CEE9F3096} = {A8220434-1A8F-4323-88A8-C7BB6671BE93}
		{1CC2CE72-E5CE-4DA3-B8A0-A9CF66684EC6} = {76684357-012F-4BB1-923B-203E779BD67F}
		{8F34A62E-F068-45A9-A600-70263E6FB11C} = {A64FD96F-E019-4E0A-9846-E15C4389AF38}
	EndGlobalSection
EndGlobal
